
Microsoft Visual Studio Solution File, Format Version 12.00
# Visual Studio Version 17
VisualStudioVersion = 17.14.36414.22 d17.14
MinimumVisualStudioVersion = 10.0.40219.1
Project("{FAE04EC0-301F-11D3-BF4B-00C04F79EFBC}") = "ReportHelper", "ReportHelper\ReportHelper.csproj", "{AE04B23C-8976-4859-BCF4-F17E654B419D}"
EndProject
Global
	GlobalSection(SolutionConfigurationPlatforms) = preSolution
		Debug|Any CPU = Debug|Any CPU
		Release|Any CPU = Release|Any CPU
	EndGlobalSection
	GlobalSection(ProjectConfigurationPlatforms) = postSolution
		{AE04B23C-8976-4859-BCF4-F17E654B419D}.Debug|Any CPU.ActiveCfg = Debug|Any CPU
		{AE04B23C-8976-4859-BCF4-F17E654B419D}.Debug|Any CPU.Build.0 = Debug|Any CPU
		{AE04B23C-8976-4859-BCF4-F17E654B419D}.Release|Any CPU.ActiveCfg = Release|Any CPU
		{AE04B23C-8976-4859-BCF4-F17E654B419D}.Release|Any CPU.Build.0 = Release|Any CPU
	EndGlobalSection
	GlobalSection(SolutionProperties) = preSolution
		HideSolutionNode = FALSE
	EndGlobalSection
	GlobalSection(ExtensibilityGlobals) = postSolution
		SolutionGuid = {EE8B5984-552A-4AE6-89C3-8DA3FA209C34}
	EndGlobalSection
EndGlobal
